
Microsoft Visual Studio Solution File, Format Version 12.00
# Visual Studio Version 16
VisualStudioVersion = 16.0.31205.134
MinimumVisualStudioVersion = 10.0.40219.1
Project("{9A19103F-16F7-4668-BE54-9A1E7A4F7556}") = "User.Domain", "User.Domain\User.Domain.csproj", "{20969A0B-EB90-4B53-8811-BDE013C630B5}"
EndProject
Project("{9A19103F-16F7-4668-BE54-9A1E7A4F7556}") = "User.Data", "User.Data\User.Data.csproj", "{D9ECF7EF-526A-492C-BD4E-98A2CC42B92F}"
EndProject
Project("{9A19103F-16F7-4668-BE54-9A1E7A4F7556}") = "User.Service", "User.Service\User.Service.csproj", "{E2AE54B4-BC45-46A5-B21C-5903F09DCB50}"
EndProject
Project("{2150E333-8FDC-42A3-9474-1A3956D46DE8}") = "01 Client", "01 Client", "{A5B84F93-F2E4-478F-872C-C59395E7CAA5}"
EndProject
Project("{2150E333-8FDC-42A3-9474-1A3956D46DE8}") = "02 Service", "02 Service", "{7697ABDE-5148-4664-B016-DF145266A896}"
EndProject
Project("{2150E333-8FDC-42A3-9474-1A3956D46DE8}") = "03 Domain", "03 Domain", "{D805CE95-65B7-4595-86FE-684F16DB4FC7}"
EndProject
Project("{2150E333-8FDC-42A3-9474-1A3956D46DE8}") = "04 Data", "04 Data", "{8BE0810A-30E4-4075-A819-5868E059002C}"
EndProject
Project("{9A19103F-16F7-4668-BE54-9A1E7A4F7556}") = "User.Web", "User.Web\User.Web.csproj", "{FC87CF50-18B2-45DD-9ADF-A03066CA46BA}"
EndProject
Project("{9A19103F-16F7-4668-BE54-9A1E7A4F7556}") = "User.RepositoryInterface", "User.RepositoryInterface\User.RepositoryInterface.csproj", "{D78E1E8E-FFF9-4FAC-85D2-8CE0A20FD415}"
EndProject
Project("{9A19103F-16F7-4668-BE54-9A1E7A4F7556}") = "User.ServiceInterface", "User.ServiceInterface\User.ServiceInterface.csproj", "{525BDD26-460F-4CDD-A5ED-51EAE3CD627F}"
EndProject
Project("{2150E333-8FDC-42A3-9474-1A3956D46DE8}") = "05 Test", "05 Test", "{4CDE5F27-038A-4ED5-B4FE-B98B369B064D}"
EndProject
Project("{FAE04EC0-301F-11D3-BF4B-00C04F79EFBC}") = "User.Tests", "User.Tests\User.Tests.csproj", "{39E8E65E-A8FB-438F-99C2-BB3174FE1050}"
EndProject
Global
	GlobalSection(SolutionConfigurationPlatforms) = preSolution
		Debug|Any CPU = Debug|Any CPU
		Release|Any CPU = Release|Any CPU
	EndGlobalSection
	GlobalSection(ProjectConfigurationPlatforms) = postSolution
		{20969A0B-EB90-4B53-8811-BDE013C630B5}.Debug|Any CPU.ActiveCfg = Debug|Any CPU
		{20969A0B-EB90-4B53-8811-BDE013C630B5}.Debug|Any CPU.Build.0 = Debug|Any CPU
		{20969A0B-EB90-4B53-8811-BDE013C630B5}.Release|Any CPU.ActiveCfg = Release|Any CPU
		{20969A0B-EB90-4B53-8811-BDE013C630B5}.Release|Any CPU.Build.0 = Release|Any CPU
		{D9ECF7EF-526A-492C-BD4E-98A2CC42B92F}.Debug|Any CPU.ActiveCfg = Debug|Any CPU
		{D9ECF7EF-526A-492C-BD4E-98A2CC42B92F}.Debug|Any CPU.Build.0 = Debug|Any CPU
		{D9ECF7EF-526A-492C-BD4E-98A2CC42B92F}.Release|Any CPU.ActiveCfg = Release|Any CPU
		{D9ECF7EF-526A-492C-BD4E-98A2CC42B92F}.Release|Any CPU.Build.0 = Release|Any CPU
		{E2AE54B4-BC45-46A5-B21C-5903F09DCB50}.Debug|Any CPU.ActiveCfg = Debug|Any CPU
		{E2AE54B4-BC45-46A5-B21C-5903F09DCB50}.Debug|Any CPU.Build.0 = Debug|Any CPU
		{E2AE54B4-BC45-46A5-B21C-5903F09DCB50}.Release|Any CPU.ActiveCfg = Release|Any CPU
		{E2AE54B4-BC45-46A5-B21C-5903F09DCB50}.Release|Any CPU.Build.0 = Release|Any CPU
		{FC87CF50-18B2-45DD-9ADF-A03066CA46BA}.Debug|Any CPU.ActiveCfg = Debug|Any CPU
		{FC87CF50-18B2-45DD-9ADF-A03066CA46BA}.Debug|Any CPU.Build.0 = Debug|Any CPU
		{FC87CF50-18B2-45DD-9ADF-A03066CA46BA}.Release|Any CPU.ActiveCfg = Release|Any CPU
		{FC87CF50-18B2-45DD-9ADF-A03066CA46BA}.Release|Any CPU.Build.0 = Release|Any CPU
		{D78E1E8E-FFF9-4FAC-85D2-8CE0A20FD415}.Debug|Any CPU.ActiveCfg = Debug|Any CPU
		{D78E1E8E-FFF9-4FAC-85D2-8CE0A20FD415}.Debug|Any CPU.Build.0 = Debug|Any CPU
		{D78E1E8E-FFF9-4FAC-85D2-8CE0A20FD415}.Release|Any CPU.ActiveCfg = Release|Any CPU
		{D78E1E8E-FFF9-4FAC-85D2-8CE0A20FD415}.Release|Any CPU.Build.0 = Release|Any CPU
		{525BDD26-460F-4CDD-A5ED-51EAE3CD627F}.Debug|Any CPU.ActiveCfg = Debug|Any CPU
		{525BDD26-460F-4CDD-A5ED-51EAE3CD627F}.Debug|Any CPU.Build.0 = Debug|Any CPU
		{525BDD26-460F-4CDD-A5ED-51EAE3CD627F}.Release|Any CPU.ActiveCfg = Release|Any CPU
		{525BDD26-460F-4CDD-A5ED-51EAE3CD627F}.Release|Any CPU.Build.0 = Release|Any CPU
		{39E8E65E-A8FB-438F-99C2-BB3174FE1050}.Debug|Any CPU.ActiveCfg = Debug|Any CPU
		{39E8E65E-A8FB-438F-99C2-BB3174FE1050}.Debug|Any CPU.Build.0 = Debug|Any CPU
		{39E8E65E-A8FB-438F-99C2-BB3174FE1050}.Release|Any CPU.ActiveCfg = Release|Any CPU
		{39E8E65E-A8FB-438F-99C2-BB3174FE1050}.Release|Any CPU.Build.0 = Release|Any CPU
	EndGlobalSection
	GlobalSection(SolutionProperties) = preSolution
		HideSolutionNode = FALSE
	EndGlobalSection
	GlobalSection(NestedProjects) = preSolution
		{20969A0B-EB90-4B53-8811-BDE013C630B5} = {D805CE95-65B7-4595-86FE-684F16DB4FC7}
		{D9ECF7EF-526A-492C-BD4E-98A2CC42B92F} = {8BE0810A-30E4-4075-A819-5868E059002C}
		{E2AE54B4-BC45-46A5-B21C-5903F09DCB50} = {7697ABDE-5148-4664-B016-DF145266A896}
		{FC87CF50-18B2-45DD-9ADF-A03066CA46BA} = {A5B84F93-F2E4-478F-872C-C59395E7CAA5}
		{D78E1E8E-FFF9-4FAC-85D2-8CE0A20FD415} = {8BE0810A-30E4-4075-A819-5868E059002C}
		{525BDD26-460F-4CDD-A5ED-51EAE3CD627F} = {7697ABDE-5148-4664-B016-DF145266A896}
		{39E8E65E-A8FB-438F-99C2-BB3174FE1050} = {4CDE5F27-038A-4ED5-B4FE-B98B369B064D}
	EndGlobalSection
	GlobalSection(ExtensibilityGlobals) = postSolution
		SolutionGuid = {80573C31-5C3C-4D26-9D0B-195487DC9F13}
	EndGlobalSection
EndGlobal
